// !$*UTF8*$!
{
	archiveVersion = 1;
	classes = {
	};
	objectVersion = 51;
	objects = {

/* Begin PBXBuildFile section */
		041D2509238FCE1C00F2A39D /* AppDelegate.m in Sources */ = {isa = PBXBuildFile; fileRef = 041D2508238FCE1C00F2A39D /* AppDelegate.m */; };
		041D250C238FCE1C00F2A39D /* SceneDelegate.m in Sources */ = {isa = PBXBuildFile; fileRef = 041D250B238FCE1C00F2A39D /* SceneDelegate.m */; };
		041D250F238FCE1C00F2A39D /* LBOCViewController.m in Sources */ = {isa = PBXBuildFile; fileRef = 041D250E238FCE1C00F2A39D /* LBOCViewController.m */; };
		041D2512238FCE1C00F2A39D /* Main.storyboard in Resources */ = {isa = PBXBuildFile; fileRef = 041D2510238FCE1C00F2A39D /* Main.storyboard */; };
		041D2514238FCE1E00F2A39D /* Assets.xcassets in Resources */ = {isa = PBXBuildFile; fileRef = 041D2513238FCE1E00F2A39D /* Assets.xcassets */; };
		041D2517238FCE1E00F2A39D /* LaunchScreen.storyboard in Resources */ = {isa = PBXBuildFile; fileRef = 041D2515238FCE1E00F2A39D /* LaunchScreen.storyboard */; };
		041D251A238FCE1E00F2A39D /* main.m in Sources */ = {isa = PBXBuildFile; fileRef = 041D2519238FCE1E00F2A39D /* main.m */; };
		041D2524238FCE1E00F2A39D /* LBOCFirstDemoTests.m in Sources */ = {isa = PBXBuildFile; fileRef = 041D2523238FCE1E00F2A39D /* LBOCFirstDemoTests.m */; };
		041D252F238FCE1E00F2A39D /* LBOCFirstDemoUITests.m in Sources */ = {isa = PBXBuildFile; fileRef = 041D252E238FCE1E00F2A39D /* LBOCFirstDemoUITests.m */; };
		042104DC2394BC3900F8CC5E /* CoreLocation.framework in Frameworks */ = {isa = PBXBuildFile; fileRef = 042104DB2394BC3900F8CC5E /* CoreLocation.framework */; };
		042104E92394C17000F8CC5E /* LBOCLocationInfoViewModel.m in Sources */ = {isa = PBXBuildFile; fileRef = 042104E82394C17000F8CC5E /* LBOCLocationInfoViewModel.m */; };
		042104EC2394C18300F8CC5E /* LBOCLocationInfoView.m in Sources */ = {isa = PBXBuildFile; fileRef = 042104EB2394C18300F8CC5E /* LBOCLocationInfoView.m */; };
		042104EE2394D6EF00F8CC5E /* MapKit.framework in Frameworks */ = {isa = PBXBuildFile; fileRef = 042104ED2394D6EF00F8CC5E /* MapKit.framework */; };
		042104F12394DD0700F8CC5E /* LBOCMapLocationViewController.m in Sources */ = {isa = PBXBuildFile; fileRef = 042104F02394DD0700F8CC5E /* LBOCMapLocationViewController.m */; };
		1033E64FD01708E3979C2FB7 /* Pods_LBOCFirstDemo_LBOCFirstDemoUITests.framework in Frameworks */ = {isa = PBXBuildFile; fileRef = 4CC8309346AB89FB5DB05A18 /* Pods_LBOCFirstDemo_LBOCFirstDemoUITests.framework */; };
		AFEBF3C1429C034507763F4F /* Pods_LBOCFirstDemo.framework in Frameworks */ = {isa = PBXBuildFile; fileRef = 50526A03247622F89E8B5DE8 /* Pods_LBOCFirstDemo.framework */; };
		E280A693C6DE1C5BD6BDD56C /* Pods_LBOCFirstDemoTests.framework in Frameworks */ = {isa = PBXBuildFile; fileRef = 48D9AB1059EDEA0421224DF0 /* Pods_LBOCFirstDemoTests.framework */; };
/* End PBXBuildFile section */

/* Begin PBXContainerItemProxy section */
		041D2520238FCE1E00F2A39D /* PBXContainerItemProxy */ = {
			isa = PBXContainerItemProxy;
			containerPortal = 041D24FC238FCE1C00F2A39D /* Project object */;
			proxyType = 1;
			remoteGlobalIDString = 041D2503238FCE1C00F2A39D;
			remoteInfo = LBOCFirstDemo;
		};
		041D252B238FCE1E00F2A39D /* PBXContainerItemProxy */ = {
			isa = PBXContainerItemProxy;
			containerPortal = 041D24FC238FCE1C00F2A39D /* Project object */;
			proxyType = 1;
			remoteGlobalIDString = 041D2503238FCE1C00F2A39D;
			remoteInfo = LBOCFirstDemo;
		};
/* End PBXContainerItemProxy section */

/* Begin PBXFileReference section */
		041D2504238FCE1C00F2A39D /* LBOCFirstDemo.app */ = {isa = PBXFileReference; explicitFileType = wrapper.application; includeInIndex = 0; path = LBOCFirstDemo.app; sourceTree = BUILT_PRODUCTS_DIR; };
		041D2507238FCE1C00F2A39D /* AppDelegate.h */ = {isa = PBXFileReference; lastKnownFileType = sourcecode.c.h; path = AppDelegate.h; sourceTree = "<group>"; };
		041D2508238FCE1C00F2A39D /* AppDelegate.m */ = {isa = PBXFileReference; lastKnownFileType = sourcecode.c.objc; path = AppDelegate.m; sourceTree = "<group>"; };
		041D250A238FCE1C00F2A39D /* SceneDelegate.h */ = {isa = PBXFileReference; lastKnownFileType = sourcecode.c.h; path = SceneDelegate.h; sourceTree = "<group>"; };
		041D250B238FCE1C00F2A39D /* SceneDelegate.m */ = {isa = PBXFileReference; lastKnownFileType = sourcecode.c.objc; path = SceneDelegate.m; sourceTree = "<group>"; };
		041D250D238FCE1C00F2A39D /* LBOCViewController.h */ = {isa = PBXFileReference; lastKnownFileType = sourcecode.c.h; path = LBOCViewController.h; sourceTree = "<group>"; };
		041D250E238FCE1C00F2A39D /* LBOCViewController.m */ = {isa = PBXFileReference; lastKnownFileType = sourcecode.c.objc; path = LBOCViewController.m; sourceTree = "<group>"; };
		041D2511238FCE1C00F2A39D /* Base */ = {isa = PBXFileReference; lastKnownFileType = file.storyboard; name = Base; path = Base.lproj/Main.storyboard; sourceTree = "<group>"; };
		041D2513238FCE1E00F2A39D /* Assets.xcassets */ = {isa = PBXFileReference; lastKnownFileType = folder.assetcatalog; path = Assets.xcassets; sourceTree = "<group>"; };
		041D2516238FCE1E00F2A39D /* Base */ = {isa = PBXFileReference; lastKnownFileType = file.storyboard; name = Base; path = Base.lproj/LaunchScreen.storyboard; sourceTree = "<group>"; };
		041D2518238FCE1E00F2A39D /* Info.plist */ = {isa = PBXFileReference; lastKnownFileType = text.plist.xml; path = Info.plist; sourceTree = "<group>"; };
		041D2519238FCE1E00F2A39D /* main.m */ = {isa = PBXFileReference; lastKnownFileType = sourcecode.c.objc; path = main.m; sourceTree = "<group>"; };
		041D251F238FCE1E00F2A39D /* LBOCFirstDemoTests.xctest */ = {isa = PBXFileReference; explicitFileType = wrapper.cfbundle; includeInIndex = 0; path = LBOCFirstDemoTests.xctest; sourceTree = BUILT_PRODUCTS_DIR; };
		041D2523238FCE1E00F2A39D /* LBOCFirstDemoTests.m */ = {isa = PBXFileReference; lastKnownFileType = sourcecode.c.objc; path = LBOCFirstDemoTests.m; sourceTree = "<group>"; };
		041D2525238FCE1E00F2A39D /* Info.plist */ = {isa = PBXFileReference; lastKnownFileType = text.plist.xml; path = Info.plist; sourceTree = "<group>"; };
		041D252A238FCE1E00F2A39D /* LBOCFirstDemoUITests.xctest */ = {isa = PBXFileReference; explicitFileType = wrapper.cfbundle; includeInIndex = 0; path = LBOCFirstDemoUITests.xctest; sourceTree = BUILT_PRODUCTS_DIR; };
		041D252E238FCE1E00F2A39D /* LBOCFirstDemoUITests.m */ = {isa = PBXFileReference; lastKnownFileType = sourcecode.c.objc; path = LBOCFirstDemoUITests.m; sourceTree = "<group>"; };
		041D2530238FCE1E00F2A39D /* Info.plist */ = {isa = PBXFileReference; lastKnownFileType = text.plist.xml; path = Info.plist; sourceTree = "<group>"; };
		042104DB2394BC3900F8CC5E /* CoreLocation.framework */ = {isa = PBXFileReference; lastKnownFileType = wrapper.framework; name = CoreLocation.framework; path = System/Library/Frameworks/CoreLocation.framework; sourceTree = SDKROOT; };
		042104E72394C17000F8CC5E /* LBOCLocationInfoViewModel.h */ = {isa = PBXFileReference; lastKnownFileType = sourcecode.c.h; path = LBOCLocationInfoViewModel.h; sourceTree = "<group>"; };
		042104E82394C17000F8CC5E /* LBOCLocationInfoViewModel.m */ = {isa = PBXFileReference; lastKnownFileType = sourcecode.c.objc; path = LBOCLocationInfoViewModel.m; sourceTree = "<group>"; };
		042104EA2394C18300F8CC5E /* LBOCLocationInfoView.h */ = {isa = PBXFileReference; lastKnownFileType = sourcecode.c.h; path = LBOCLocationInfoView.h; sourceTree = "<group>"; };
		042104EB2394C18300F8CC5E /* LBOCLocationInfoView.m */ = {isa = PBXFileReference; lastKnownFileType = sourcecode.c.objc; path = LBOCLocationInfoView.m; sourceTree = "<group>"; };
		042104ED2394D6EF00F8CC5E /* MapKit.framework */ = {isa = PBXFileReference; lastKnownFileType = wrapper.framework; name = MapKit.framework; path = System/Library/Frameworks/MapKit.framework; sourceTree = SDKROOT; };
		042104EF2394DD0700F8CC5E /* LBOCMapLocationViewController.h */ = {isa = PBXFileReference; lastKnownFileType = sourcecode.c.h; path = LBOCMapLocationViewController.h; sourceTree = "<group>"; };
		042104F02394DD0700F8CC5E /* LBOCMapLocationViewController.m */ = {isa = PBXFileReference; lastKnownFileType = sourcecode.c.objc; path = LBOCMapLocationViewController.m; sourceTree = "<group>"; };
		327256AA2EAEAB88208AB127 /* Pods-LBOCFirstDemo.release.xcconfig */ = {isa = PBXFileReference; includeInIndex = 1; lastKnownFileType = text.xcconfig; name = "Pods-LBOCFirstDemo.release.xcconfig"; path = "Target Support Files/Pods-LBOCFirstDemo/Pods-LBOCFirstDemo.release.xcconfig"; sourceTree = "<group>"; };
		48D9AB1059EDEA0421224DF0 /* Pods_LBOCFirstDemoTests.framework */ = {isa = PBXFileReference; explicitFileType = wrapper.framework; includeInIndex = 0; path = Pods_LBOCFirstDemoTests.framework; sourceTree = BUILT_PRODUCTS_DIR; };
		4CC8309346AB89FB5DB05A18 /* Pods_LBOCFirstDemo_LBOCFirstDemoUITests.framework */ = {isa = PBXFileReference; explicitFileType = wrapper.framework; includeInIndex = 0; path = Pods_LBOCFirstDemo_LBOCFirstDemoUITests.framework; sourceTree = BUILT_PRODUCTS_DIR; };
		50526A03247622F89E8B5DE8 /* Pods_LBOCFirstDemo.framework */ = {isa = PBXFileReference; explicitFileType = wrapper.framework; includeInIndex = 0; path = Pods_LBOCFirstDemo.framework; sourceTree = BUILT_PRODUCTS_DIR; };
		77E45B4081085E7C9957B038 /* Pods-LBOCFirstDemoTests.release.xcconfig */ = {isa = PBXFileReference; includeInIndex = 1; lastKnownFileType = text.xcconfig; name = "Pods-LBOCFirstDemoTests.release.xcconfig"; path = "Target Support Files/Pods-LBOCFirstDemoTests/Pods-LBOCFirstDemoTests.release.xcconfig"; sourceTree = "<group>"; };
		9138EDBF19734C512970746D /* Pods-LBOCFirstDemo-LBOCFirstDemoUITests.release.xcconfig */ = {isa = PBXFileReference; includeInIndex = 1; lastKnownFileType = text.xcconfig; name = "Pods-LBOCFirstDemo-LBOCFirstDemoUITests.release.xcconfig"; path = "Target Support Files/Pods-LBOCFirstDemo-LBOCFirstDemoUITests/Pods-LBOCFirstDemo-LBOCFirstDemoUITests.release.xcconfig"; sourceTree = "<group>"; };
		AA63B86F4C9510D9D48AAFFB /* Pods-LBOCFirstDemoTests.debug.xcconfig */ = {isa = PBXFileReference; includeInIndex = 1; lastKnownFileType = text.xcconfig; name = "Pods-LBOCFirstDemoTests.debug.xcconfig"; path = "Target Support Files/Pods-LBOCFirstDemoTests/Pods-LBOCFirstDemoTests.debug.xcconfig"; sourceTree = "<group>"; };
		C0D2FEFD60D47E90F827B9CB /* Pods-LBOCFirstDemo.debug.xcconfig */ = {isa = PBXFileReference; includeInIndex = 1; lastKnownFileType = text.xcconfig; name = "Pods-LBOCFirstDemo.debug.xcconfig"; path = "Target Support Files/Pods-LBOCFirstDemo/Pods-LBOCFirstDemo.debug.xcconfig"; sourceTree = "<group>"; };
		CEE9FBD26CD5EB4CEBA80B33 /* Pods-LBOCFirstDemo-LBOCFirstDemoUITests.debug.xcconfig */ = {isa = PBXFileReference; includeInIndex = 1; lastKnownFileType = text.xcconfig; name = "Pods-LBOCFirstDemo-LBOCFirstDemoUITests.debug.xcconfig"; path = "Target Support Files/Pods-LBOCFirstDemo-LBOCFirstDemoUITests/Pods-LBOCFirstDemo-LBOCFirstDemoUITests.debug.xcconfig"; sourceTree = "<group>"; };
/* End PBXFileReference section */

/* Begin PBXFrameworksBuildPhase section */
		041D2501238FCE1C00F2A39D /* Frameworks */ = {
			isa = PBXFrameworksBuildPhase;
			buildActionMask = 2147483647;
			files = (
				042104EE2394D6EF00F8CC5E /* MapKit.framework in Frameworks */,
				042104DC2394BC3900F8CC5E /* CoreLocation.framework in Frameworks */,
				AFEBF3C1429C034507763F4F /* Pods_LBOCFirstDemo.framework in Frameworks */,
			);
			runOnlyForDeploymentPostprocessing = 0;
		};
		041D251C238FCE1E00F2A39D /* Frameworks */ = {
			isa = PBXFrameworksBuildPhase;
			buildActionMask = 2147483647;
			files = (
				E280A693C6DE1C5BD6BDD56C /* Pods_LBOCFirstDemoTests.framework in Frameworks */,
			);
			runOnlyForDeploymentPostprocessing = 0;
		};
		041D2527238FCE1E00F2A39D /* Frameworks */ = {
			isa = PBXFrameworksBuildPhase;
			buildActionMask = 2147483647;
			files = (
				1033E64FD01708E3979C2FB7 /* Pods_LBOCFirstDemo_LBOCFirstDemoUITests.framework in Frameworks */,
			);
			runOnlyForDeploymentPostprocessing = 0;
		};
/* End PBXFrameworksBuildPhase section */

/* Begin PBXGroup section */
		041D24FB238FCE1C00F2A39D = {
			isa = PBXGroup;
			children = (
				041D2506238FCE1C00F2A39D /* LBOCFirstDemo */,
				041D2522238FCE1E00F2A39D /* LBOCFirstDemoTests */,
				041D252D238FCE1E00F2A39D /* LBOCFirstDemoUITests */,
				041D2505238FCE1C00F2A39D /* Products */,
				E60997F0716602C68D18DC95 /* Pods */,
				90413EB9A32173640C3E9E91 /* Frameworks */,
			);
			sourceTree = "<group>";
		};
		041D2505238FCE1C00F2A39D /* Products */ = {
			isa = PBXGroup;
			children = (
				041D2504238FCE1C00F2A39D /* LBOCFirstDemo.app */,
				041D251F238FCE1E00F2A39D /* LBOCFirstDemoTests.xctest */,
				041D252A238FCE1E00F2A39D /* LBOCFirstDemoUITests.xctest */,
			);
			name = Products;
			sourceTree = "<group>";
		};
		041D2506238FCE1C00F2A39D /* LBOCFirstDemo */ = {
			isa = PBXGroup;
			children = (
				041D2507238FCE1C00F2A39D /* AppDelegate.h */,
				041D2508238FCE1C00F2A39D /* AppDelegate.m */,
				041D250A238FCE1C00F2A39D /* SceneDelegate.h */,
				041D250B238FCE1C00F2A39D /* SceneDelegate.m */,
				041D250D238FCE1C00F2A39D /* LBOCViewController.h */,
				041D250E238FCE1C00F2A39D /* LBOCViewController.m */,
				042104DD2394BD5400F8CC5E /* LocationGroup */,
				041D2510238FCE1C00F2A39D /* Main.storyboard */,
				041D2513238FCE1E00F2A39D /* Assets.xcassets */,
				041D2515238FCE1E00F2A39D /* LaunchScreen.storyboard */,
				041D2518238FCE1E00F2A39D /* Info.plist */,
				041D2519238FCE1E00F2A39D /* main.m */,
			);
			path = LBOCFirstDemo;
			sourceTree = "<group>";
		};
		041D2522238FCE1E00F2A39D /* LBOCFirstDemoTests */ = {
			isa = PBXGroup;
			children = (
				041D2523238FCE1E00F2A39D /* LBOCFirstDemoTests.m */,
				041D2525238FCE1E00F2A39D /* Info.plist */,
			);
			path = LBOCFirstDemoTests;
			sourceTree = "<group>";
		};
		041D252D238FCE1E00F2A39D /* LBOCFirstDemoUITests */ = {
			isa = PBXGroup;
			children = (
				041D252E238FCE1E00F2A39D /* LBOCFirstDemoUITests.m */,
				041D2530238FCE1E00F2A39D /* Info.plist */,
			);
			path = LBOCFirstDemoUITests;
			sourceTree = "<group>";
		};
		042104DD2394BD5400F8CC5E /* LocationGroup */ = {
			isa = PBXGroup;
			children = (
				042104EA2394C18300F8CC5E /* LBOCLocationInfoView.h */,
				042104EB2394C18300F8CC5E /* LBOCLocationInfoView.m */,
				042104EF2394DD0700F8CC5E /* LBOCMapLocationViewController.h */,
				042104F02394DD0700F8CC5E /* LBOCMapLocationViewController.m */,
				042104E72394C17000F8CC5E /* LBOCLocationInfoViewModel.h */,
				042104E82394C17000F8CC5E /* LBOCLocationInfoViewModel.m */,
			);
			path = LocationGroup;
			sourceTree = "<group>";
		};
		90413EB9A32173640C3E9E91 /* Frameworks */ = {
			isa = PBXGroup;
			children = (
				042104ED2394D6EF00F8CC5E /* MapKit.framework */,
				042104DB2394BC3900F8CC5E /* CoreLocation.framework */,
				50526A03247622F89E8B5DE8 /* Pods_LBOCFirstDemo.framework */,
				4CC8309346AB89FB5DB05A18 /* Pods_LBOCFirstDemo_LBOCFirstDemoUITests.framework */,
				48D9AB1059EDEA0421224DF0 /* Pods_LBOCFirstDemoTests.framework */,
			);
			name = Frameworks;
			sourceTree = "<group>";
		};
		E60997F0716602C68D18DC95 /* Pods */ = {
			isa = PBXGroup;
			children = (
				C0D2FEFD60D47E90F827B9CB /* Pods-LBOCFirstDemo.debug.xcconfig */,
				327256AA2EAEAB88208AB127 /* Pods-LBOCFirstDemo.release.xcconfig */,
				CEE9FBD26CD5EB4CEBA80B33 /* Pods-LBOCFirstDemo-LBOCFirstDemoUITests.debug.xcconfig */,
				9138EDBF19734C512970746D /* Pods-LBOCFirstDemo-LBOCFirstDemoUITests.release.xcconfig */,
				AA63B86F4C9510D9D48AAFFB /* Pods-LBOCFirstDemoTests.debug.xcconfig */,
				77E45B4081085E7C9957B038 /* Pods-LBOCFirstDemoTests.release.xcconfig */,
			);
			path = Pods;
			sourceTree = "<group>";
		};
/* End PBXGroup section */

/* Begin PBXNativeTarget section */
		041D2503238FCE1C00F2A39D /* LBOCFirstDemo */ = {
			isa = PBXNativeTarget;
			buildConfigurationList = 041D2533238FCE1E00F2A39D /* Build configuration list for PBXNativeTarget "LBOCFirstDemo" */;
			buildPhases = (
				67F0F3071FBA5B22794D5156 /* [CP] Check Pods Manifest.lock */,
				041D2500238FCE1C00F2A39D /* Sources */,
				041D2501238FCE1C00F2A39D /* Frameworks */,
				041D2502238FCE1C00F2A39D /* Resources */,
				FB6B4203EF65BF11BDBE46BD /* [CP] Embed Pods Frameworks */,
			);
			buildRules = (
			);
			dependencies = (
			);
			name = LBOCFirstDemo;
			productName = LBOCFirstDemo;
			productReference = 041D2504238FCE1C00F2A39D /* LBOCFirstDemo.app */;
			productType = "com.apple.product-type.application";
		};
		041D251E238FCE1E00F2A39D /* LBOCFirstDemoTests */ = {
			isa = PBXNativeTarget;
			buildConfigurationList = 041D2536238FCE1E00F2A39D /* Build configuration list for PBXNativeTarget "LBOCFirstDemoTests" */;
			buildPhases = (
				77E1741FAD5360B5028818F0 /* [CP] Check Pods Manifest.lock */,
				041D251B238FCE1E00F2A39D /* Sources */,
				041D251C238FCE1E00F2A39D /* Frameworks */,
				041D251D238FCE1E00F2A39D /* Resources */,
			);
			buildRules = (
			);
			dependencies = (
				041D2521238FCE1E00F2A39D /* PBXTargetDependency */,
			);
			name = LBOCFirstDemoTests;
			productName = LBOCFirstDemoTests;
			productReference = 041D251F238FCE1E00F2A39D /* LBOCFirstDemoTests.xctest */;
			productType = "com.apple.product-type.bundle.unit-test";
		};
		041D2529238FCE1E00F2A39D /* LBOCFirstDemoUITests */ = {
			isa = PBXNativeTarget;
			buildConfigurationList = 041D2539238FCE1E00F2A39D /* Build configuration list for PBXNativeTarget "LBOCFirstDemoUITests" */;
			buildPhases = (
				DD08EF4CA3B286B4801F742C /* [CP] Check Pods Manifest.lock */,
				041D2526238FCE1E00F2A39D /* Sources */,
				041D2527238FCE1E00F2A39D /* Frameworks */,
				041D2528238FCE1E00F2A39D /* Resources */,
				5B237629AB31B3C8331C663A /* [CP] Embed Pods Frameworks */,
			);
			buildRules = (
			);
			dependencies = (
				041D252C238FCE1E00F2A39D /* PBXTargetDependency */,
			);
			name = LBOCFirstDemoUITests;
			productName = LBOCFirstDemoUITests;
			productReference = 041D252A238FCE1E00F2A39D /* LBOCFirstDemoUITests.xctest */;
			productType = "com.apple.product-type.bundle.ui-testing";
		};
/* End PBXNativeTarget section */

/* Begin PBXProject section */
		041D24FC238FCE1C00F2A39D /* Project object */ = {
			isa = PBXProject;
			attributes = {
				LastUpgradeCheck = 1120;
				ORGANIZATIONNAME = LBOC;
				TargetAttributes = {
					041D2503238FCE1C00F2A39D = {
						CreatedOnToolsVersion = 11.2.1;
					};
					041D251E238FCE1E00F2A39D = {
						CreatedOnToolsVersion = 11.2.1;
						TestTargetID = 041D2503238FCE1C00F2A39D;
					};
					041D2529238FCE1E00F2A39D = {
						CreatedOnToolsVersion = 11.2.1;
						TestTargetID = 041D2503238FCE1C00F2A39D;
					};
				};
			};
			buildConfigurationList = 041D24FF238FCE1C00F2A39D /* Build configuration list for PBXProject "LBOCFirstDemo" */;
			compatibilityVersion = "Xcode 9.3";
			developmentRegion = en;
			hasScannedForEncodings = 0;
			knownRegions = (
				en,
				Base,
			);
			mainGroup = 041D24FB238FCE1C00F2A39D;
			productRefGroup = 041D2505238FCE1C00F2A39D /* Products */;
			projectDirPath = "";
			projectRoot = "";
			targets = (
				041D2503238FCE1C00F2A39D /* LBOCFirstDemo */,
				041D251E238FCE1E00F2A39D /* LBOCFirstDemoTests */,
				041D2529238FCE1E00F2A39D /* LBOCFirstDemoUITests */,
			);
		};
/* End PBXProject section */

/* Begin PBXResourcesBuildPhase section */
		041D2502238FCE1C00F2A39D /* Resources */ = {
			isa = PBXResourcesBuildPhase;
			buildActionMask = 2147483647;
			files = (
				041D2517238FCE1E00F2A39D /* LaunchScreen.storyboard in Resources */,
				041D2514238FCE1E00F2A39D /* Assets.xcassets in Resources */,
				041D2512238FCE1C00F2A39D /* Main.storyboard in Resources */,
			);
			runOnlyForDeploymentPostprocessing = 0;
		};
		041D251D238FCE1E00F2A39D /* Resources */ = {
			isa = PBXResourcesBuildPhase;
			buildActionMask = 2147483647;
			files = (
			);
			runOnlyForDeploymentPostprocessing = 0;
		};
		041D2528238FCE1E00F2A39D /* Resources */ = {
			isa = PBXResourcesBuildPhase;
			buildActionMask = 2147483647;
			files = (
			);
			runOnlyForDeploymentPostprocessing = 0;
		};
/* End PBXResourcesBuildPhase section */

/* Begin PBXShellScriptBuildPhase section */
		5B237629AB31B3C8331C663A /* [CP] Embed Pods Frameworks */ = {
			isa = PBXShellScriptBuildPhase;
			buildActionMask = 2147483647;
			files = (
			);
			inputFileListPaths = (
				"${PODS_ROOT}/Target Support Files/Pods-LBOCFirstDemo-LBOCFirstDemoUITests/Pods-LBOCFirstDemo-LBOCFirstDemoUITests-frameworks-${CONFIGURATION}-input-files.xcfilelist",
			);
			name = "[CP] Embed Pods Frameworks";
			outputFileListPaths = (
				"${PODS_ROOT}/Target Support Files/Pods-LBOCFirstDemo-LBOCFirstDemoUITests/Pods-LBOCFirstDemo-LBOCFirstDemoUITests-frameworks-${CONFIGURATION}-output-files.xcfilelist",
			);
			runOnlyForDeploymentPostprocessing = 0;
			shellPath = /bin/sh;
			shellScript = "\"${PODS_ROOT}/Target Support Files/Pods-LBOCFirstDemo-LBOCFirstDemoUITests/Pods-LBOCFirstDemo-LBOCFirstDemoUITests-frameworks.sh\"\n";
			showEnvVarsInLog = 0;
		};
		67F0F3071FBA5B22794D5156 /* [CP] Check Pods Manifest.lock */ = {
			isa = PBXShellScriptBuildPhase;
			buildActionMask = 2147483647;
			files = (
			);
			inputFileListPaths = (
			);
			inputPaths = (
				"${PODS_PODFILE_DIR_PATH}/Podfile.lock",
				"${PODS_ROOT}/Manifest.lock",
			);
			name = "[CP] Check Pods Manifest.lock";
			outputFileListPaths = (
			);
			outputPaths = (
				"$(DERIVED_FILE_DIR)/Pods-LBOCFirstDemo-checkManifestLockResult.txt",
			);
			runOnlyForDeploymentPostprocessing = 0;
			shellPath = /bin/sh;
			shellScript = "diff \"${PODS_PODFILE_DIR_PATH}/Podfile.lock\" \"${PODS_ROOT}/Manifest.lock\" > /dev/null\nif [ $? != 0 ] ; then\n    # print error to STDERR\n    echo \"error: The sandbox is not in sync with the Podfile.lock. Run 'pod install' or update your CocoaPods installation.\" >&2\n    exit 1\nfi\n# This output is used by Xcode 'outputs' to avoid re-running this script phase.\necho \"SUCCESS\" > \"${SCRIPT_OUTPUT_FILE_0}\"\n";
			showEnvVarsInLog = 0;
		};
		77E1741FAD5360B5028818F0 /* [CP] Check Pods Manifest.lock */ = {
			isa = PBXShellScriptBuildPhase;
			buildActionMask = 2147483647;
			files = (
			);
			inputFileListPaths = (
			);
			inputPaths = (
				"${PODS_PODFILE_DIR_PATH}/Podfile.lock",
				"${PODS_ROOT}/Manifest.lock",
			);
			name = "[CP] Check Pods Manifest.lock";
			outputFileListPaths = (
			);
			outputPaths = (
				"$(DERIVED_FILE_DIR)/Pods-LBOCFirstDemoTests-checkManifestLockResult.txt",
			);
			runOnlyForDeploymentPostprocessing = 0;
			shellPath = /bin/sh;
			shellScript = "diff \"${PODS_PODFILE_DIR_PATH}/Podfile.lock\" \"${PODS_ROOT}/Manifest.lock\" > /dev/null\nif [ $? != 0 ] ; then\n    # print error to STDERR\n    echo \"error: The sandbox is not in sync with the Podfile.lock. Run 'pod install' or update your CocoaPods installation.\" >&2\n    exit 1\nfi\n# This output is used by Xcode 'outputs' to avoid re-running this script phase.\necho \"SUCCESS\" > \"${SCRIPT_OUTPUT_FILE_0}\"\n";
			showEnvVarsInLog = 0;
		};
		DD08EF4CA3B286B4801F742C /* [CP] Check Pods Manifest.lock */ = {
			isa = PBXShellScriptBuildPhase;
			buildActionMask = 2147483647;
			files = (
			);
			inputFileListPaths = (
			);
			inputPaths = (
				"${PODS_PODFILE_DIR_PATH}/Podfile.lock",
				"${PODS_ROOT}/Manifest.lock",
			);
			name = "[CP] Check Pods Manifest.lock";
			outputFileListPaths = (
			);
			outputPaths = (
				"$(DERIVED_FILE_DIR)/Pods-LBOCFirstDemo-LBOCFirstDemoUITests-checkManifestLockResult.txt",
			);
			runOnlyForDeploymentPostprocessing = 0;
			shellPath = /bin/sh;
			shellScript = "diff \"${PODS_PODFILE_DIR_PATH}/Podfile.lock\" \"${PODS_ROOT}/Manifest.lock\" > /dev/null\nif [ $? != 0 ] ; then\n    # print error to STDERR\n    echo \"error: The sandbox is not in sync with the Podfile.lock. Run 'pod install' or update your CocoaPods installation.\" >&2\n    exit 1\nfi\n# This output is used by Xcode 'outputs' to avoid re-running this script phase.\necho \"SUCCESS\" > \"${SCRIPT_OUTPUT_FILE_0}\"\n";
			showEnvVarsInLog = 0;
		};
		FB6B4203EF65BF11BDBE46BD /* [CP] Embed Pods Frameworks */ = {
			isa = PBXShellScriptBuildPhase;
			buildActionMask = 2147483647;
			files = (
			);
			inputFileListPaths = (
				"${PODS_ROOT}/Target Support Files/Pods-LBOCFirstDemo/Pods-LBOCFirstDemo-frameworks-${CONFIGURATION}-input-files.xcfilelist",
			);
			name = "[CP] Embed Pods Frameworks";
			outputFileListPaths = (
				"${PODS_ROOT}/Target Support Files/Pods-LBOCFirstDemo/Pods-LBOCFirstDemo-frameworks-${CONFIGURATION}-output-files.xcfilelist",
			);
			runOnlyForDeploymentPostprocessing = 0;
			shellPath = /bin/sh;
			shellScript = "\"${PODS_ROOT}/Target Support Files/Pods-LBOCFirstDemo/Pods-LBOCFirstDemo-frameworks.sh\"\n";
			showEnvVarsInLog = 0;
		};
/* End PBXShellScriptBuildPhase section */

/* Begin PBXSourcesBuildPhase section */
		041D2500238FCE1C00F2A39D /* Sources */ = {
			isa = PBXSourcesBuildPhase;
			buildActionMask = 2147483647;
			files = (
				041D250F238FCE1C00F2A39D /* LBOCViewController.m in Sources */,
				041D2509238FCE1C00F2A39D /* AppDelegate.m in Sources */,
				041D251A238FCE1E00F2A39D /* main.m in Sources */,
				042104EC2394C18300F8CC5E /* LBOCLocationInfoView.m in Sources */,
				041D250C238FCE1C00F2A39D /* SceneDelegate.m in Sources */,
				042104F12394DD0700F8CC5E /* LBOCMapLocationViewController.m in Sources */,
				042104E92394C17000F8CC5E /* LBOCLocationInfoViewModel.m in Sources */,
			);
			runOnlyForDeploymentPostprocessing = 0;
		};
		041D251B238FCE1E00F2A39D /* Sources */ = {
			isa = PBXSourcesBuildPhase;
			buildActionMask = 2147483647;
			files = (
				041D2524238FCE1E00F2A39D /* LBOCFirstDemoTests.m in Sources */,
			);
			runOnlyForDeploymentPostprocessing = 0;
		};
		041D2526238FCE1E00F2A39D /* Sources */ = {
			isa = PBXSourcesBuildPhase;
			buildActionMask = 2147483647;
			files = (
				041D252F238FCE1E00F2A39D /* LBOCFirstDemoUITests.m in Sources */,
			);
			runOnlyForDeploymentPostprocessing = 0;
		};
/* End PBXSourcesBuildPhase section */

/* Begin PBXTargetDependency section */
		041D2521238FCE1E00F2A39D /* PBXTargetDependency */ = {
			isa = PBXTargetDependency;
			target = 041D2503238FCE1C00F2A39D /* LBOCFirstDemo */;
			targetProxy = 041D2520238FCE1E00F2A39D /* PBXContainerItemProxy */;
		};
		041D252C238FCE1E00F2A39D /* PBXTargetDependency */ = {
			isa = PBXTargetDependency;
			target = 041D2503238FCE1C00F2A39D /* LBOCFirstDemo */;
			targetProxy = 041D252B238FCE1E00F2A39D /* PBXContainerItemProxy */;
		};
/* End PBXTargetDependency section */

/* Begin PBXVariantGroup section */
		041D2510238FCE1C00F2A39D /* Main.storyboard */ = {
			isa = PBXVariantGroup;
			children = (
				041D2511238FCE1C00F2A39D /* Base */,
			);
			name = Main.storyboard;
			sourceTree = "<group>";
		};
		041D2515238FCE1E00F2A39D /* LaunchScreen.storyboard */ = {
			isa = PBXVariantGroup;
			children = (
				041D2516238FCE1E00F2A39D /* Base */,
			);
			name = LaunchScreen.storyboard;
			sourceTree = "<group>";
		};
/* End PBXVariantGroup section */

/* Begin XCBuildConfiguration section */
		041D2531238FCE1E00F2A39D /* Debug */ = {
			isa = XCBuildConfiguration;
			buildSettings = {
				ALWAYS_SEARCH_USER_PATHS = NO;
				CLANG_ANALYZER_NONNULL = YES;
				CLANG_ANALYZER_NUMBER_OBJECT_CONVERSION = YES_AGGRESSIVE;
				CLANG_CXX_LANGUAGE_STANDARD = "gnu++14";
				CLANG_CXX_LIBRARY = "libc++";
				CLANG_ENABLE_MODULES = YES;
				CLANG_ENABLE_OBJC_ARC = YES;
				CLANG_ENABLE_OBJC_WEAK = YES;
				CLANG_WARN_BLOCK_CAPTURE_AUTORELEASING = YES;
				CLANG_WARN_BOOL_CONVERSION = YES;
				CLANG_WARN_COMMA = YES;
				CLANG_WARN_CONSTANT_CONVERSION = YES;
				CLANG_WARN_DEPRECATED_OBJC_IMPLEMENTATIONS = YES;
				CLANG_WARN_DIRECT_OBJC_ISA_USAGE = YES_ERROR;
				CLANG_WARN_DOCUMENTATION_COMMENTS = YES;
				CLANG_WARN_EMPTY_BODY = YES;
				CLANG_WARN_ENUM_CONVERSION = YES;
				CLANG_WARN_INFINITE_RECURSION = YES;
				CLANG_WARN_INT_CONVERSION = YES;
				CLANG_WARN_NON_LITERAL_NULL_CONVERSION = YES;
				CLANG_WARN_OBJC_IMPLICIT_RETAIN_SELF = YES;
				CLANG_WARN_OBJC_LITERAL_CONVERSION = YES;
				CLANG_WARN_OBJC_ROOT_CLASS = YES_ERROR;
				CLANG_WARN_RANGE_LOOP_ANALYSIS = YES;
				CLANG_WARN_STRICT_PROTOTYPES = YES;
				CLANG_WARN_SUSPICIOUS_MOVE = YES;
				CLANG_WARN_UNGUARDED_AVAILABILITY = YES_AGGRESSIVE;
				CLANG_WARN_UNREACHABLE_CODE = YES;
				CLANG_WARN__DUPLICATE_METHOD_MATCH = YES;
				COPY_PHASE_STRIP = NO;
				DEBUG_INFORMATION_FORMAT = dwarf;
				ENABLE_STRICT_OBJC_MSGSEND = YES;
				ENABLE_TESTABILITY = YES;
				GCC_C_LANGUAGE_STANDARD = gnu11;
				GCC_DYNAMIC_NO_PIC = NO;
				GCC_NO_COMMON_BLOCKS = YES;
				GCC_OPTIMIZATION_LEVEL = 0;
				GCC_PREPROCESSOR_DEFINITIONS = (
					"DEBUG=1",
					"$(inherited)",
				);
				GCC_WARN_64_TO_32_BIT_CONVERSION = YES;
				GCC_WARN_ABOUT_RETURN_TYPE = YES_ERROR;
				GCC_WARN_UNDECLARED_SELECTOR = YES;
				GCC_WARN_UNINITIALIZED_AUTOS = YES_AGGRESSIVE;
				GCC_WARN_UNUSED_FUNCTION = YES;
				GCC_WARN_UNUSED_VARIABLE = YES;
				IPHONEOS_DEPLOYMENT_TARGET = 8.0;
				MTL_ENABLE_DEBUG_INFO = INCLUDE_SOURCE;
				MTL_FAST_MATH = YES;
				ONLY_ACTIVE_ARCH = YES;
				SDKROOT = iphoneos;
			};
			name = Debug;
		};
		041D2532238FCE1E00F2A39D /* Release */ = {
			isa = XCBuildConfiguration;
			buildSettings = {
				ALWAYS_SEARCH_USER_PATHS = NO;
				CLANG_ANALYZER_NONNULL = YES;
				CLANG_ANALYZER_NUMBER_OBJECT_CONVERSION = YES_AGGRESSIVE;
				CLANG_CXX_LANGUAGE_STANDARD = "gnu++14";
				CLANG_CXX_LIBRARY = "libc++";
				CLANG_ENABLE_MODULES = YES;
				CLANG_ENABLE_OBJC_ARC = YES;
				CLANG_ENABLE_OBJC_WEAK = YES;
				CLANG_WARN_BLOCK_CAPTURE_AUTORELEASING = YES;
				CLANG_WARN_BOOL_CONVERSION = YES;
				CLANG_WARN_COMMA = YES;
				CLANG_WARN_CONSTANT_CONVERSION = YES;
				CLANG_WARN_DEPRECATED_OBJC_IMPLEMENTATIONS = YES;
				CLANG_WARN_DIRECT_OBJC_ISA_USAGE = YES_ERROR;
				CLANG_WARN_DOCUMENTATION_COMMENTS = YES;
				CLANG_WARN_EMPTY_BODY = YES;
				CLANG_WARN_ENUM_CONVERSION = YES;
				CLANG_WARN_INFINITE_RECURSION = YES;
				CLANG_WARN_INT_CONVERSION = YES;
				CLANG_WARN_NON_LITERAL_NULL_CONVERSION = YES;
				CLANG_WARN_OBJC_IMPLICIT_RETAIN_SELF = YES;
				CLANG_WARN_OBJC_LITERAL_CONVERSION = YES;
				CLANG_WARN_OBJC_ROOT_CLASS = YES_ERROR;
				CLANG_WARN_RANGE_LOOP_ANALYSIS = YES;
				CLANG_WARN_STRICT_PROTOTYPES = YES;
				CLANG_WARN_SUSPICIOUS_MOVE = YES;
				CLANG_WARN_UNGUARDED_AVAILABILITY = YES_AGGRESSIVE;
				CLANG_WARN_UNREACHABLE_CODE = YES;
				CLANG_WARN__DUPLICATE_METHOD_MATCH = YES;
				COPY_PHASE_STRIP = NO;
				DEBUG_INFORMATION_FORMAT = "dwarf-with-dsym";
				ENABLE_NS_ASSERTIONS = NO;
				ENABLE_STRICT_OBJC_MSGSEND = YES;
				GCC_C_LANGUAGE_STANDARD = gnu11;
				GCC_NO_COMMON_BLOCKS = YES;
				GCC_WARN_64_TO_32_BIT_CONVERSION = YES;
				GCC_WARN_ABOUT_RETURN_TYPE = YES_ERROR;
				GCC_WARN_UNDECLARED_SELECTOR = YES;
				GCC_WARN_UNINITIALIZED_AUTOS = YES_AGGRESSIVE;
				GCC_WARN_UNUSED_FUNCTION = YES;
				GCC_WARN_UNUSED_VARIABLE = YES;
				IPHONEOS_DEPLOYMENT_TARGET = 8.0;
				MTL_ENABLE_DEBUG_INFO = NO;
				MTL_FAST_MATH = YES;
				SDKROOT = iphoneos;
				VALIDATE_PRODUCT = YES;
			};
			name = Release;
		};
		041D2534238FCE1E00F2A39D /* Debug */ = {
			isa = XCBuildConfiguration;
			baseConfigurationReference = C0D2FEFD60D47E90F827B9CB /* Pods-LBOCFirstDemo.debug.xcconfig */;
			buildSettings = {
				ASSETCATALOG_COMPILER_APPICON_NAME = AppIcon;
				CODE_SIGN_STYLE = Automatic;
				DEVELOPMENT_TEAM = 54KUM57484;
				INFOPLIST_FILE = LBOCFirstDemo/Info.plist;
				IPHONEOS_DEPLOYMENT_TARGET = 8.0;
				LD_RUNPATH_SEARCH_PATHS = (
					"$(inherited)",
					"@executable_path/Frameworks",
				);
				PRODUCT_BUNDLE_IDENTIFIER = LBOC.LBOCFirstDemo;
				PRODUCT_NAME = "$(TARGET_NAME)";
				TARGETED_DEVICE_FAMILY = 1;
			};
			name = Debug;
		};
		041D2535238FCE1E00F2A39D /* Release */ = {
			isa = XCBuildConfiguration;
			baseConfigurationReference = 327256AA2EAEAB88208AB127 /* Pods-LBOCFirstDemo.release.xcconfig */;
			buildSettings = {
				ASSETCATALOG_COMPILER_APPICON_NAME = AppIcon;
				CODE_SIGN_STYLE = Automatic;
				DEVELOPMENT_TEAM = 54KUM57484;
				INFOPLIST_FILE = LBOCFirstDemo/Info.plist;
				IPHONEOS_DEPLOYMENT_TARGET = 8.0;
				LD_RUNPATH_SEARCH_PATHS = (
					"$(inherited)",
					"@executable_path/Frameworks",
				);
				PRODUCT_BUNDLE_IDENTIFIER = LBOC.LBOCFirstDemo;
				PRODUCT_NAME = "$(TARGET_NAME)";
				TARGETED_DEVICE_FAMILY = 1;
			};
			name = Release;
		};
		041D2537238FCE1E00F2A39D /* Debug */ = {
			isa = XCBuildConfiguration;
			baseConfigurationReference = AA63B86F4C9510D9D48AAFFB /* Pods-LBOCFirstDemoTests.debug.xcconfig */;
			buildSettings = {
				BUNDLE_LOADER = "$(TEST_HOST)";
				CODE_SIGN_STYLE = Automatic;
				INFOPLIST_FILE = LBOCFirstDemoTests/Info.plist;
				IPHONEOS_DEPLOYMENT_TARGET = 13.2;
				LD_RUNPATH_SEARCH_PATHS = (
					"$(inherited)",
					"@executable_path/Frameworks",
					"@loader_path/Frameworks",
				);
				PRODUCT_BUNDLE_IDENTIFIER = LBOC.LBOCFirstDemoTests;
				PRODUCT_NAME = "$(TARGET_NAME)";
				TARGETED_DEVICE_FAMILY = "1,2";
				TEST_HOST = "$(BUILT_PRODUCTS_DIR)/LBOCFirstDemo.app/LBOCFirstDemo";
			};
			name = Debug;
		};
		041D2538238FCE1E00F2A39D /* Release */ = {
			isa = XCBuildConfiguration;
			baseConfigurationReference = 77E45B4081085E7C9957B038 /* Pods-LBOCFirstDemoTests.release.xcconfig */;
			buildSettings = {
				BUNDLE_LOADER = "$(TEST_HOST)";
				CODE_SIGN_STYLE = Automatic;
				INFOPLIST_FILE = LBOCFirstDemoTests/Info.plist;
				IPHONEOS_DEPLOYMENT_TARGET = 13.2;
				LD_RUNPATH_SEARCH_PATHS = (
					"$(inherited)",
					"@executable_path/Frameworks",
					"@loader_path/Frameworks",
				);
				PRODUCT_BUNDLE_IDENTIFIER = LBOC.LBOCFirstDemoTests;
				PRODUCT_NAME = "$(TARGET_NAME)";
				TARGETED_DEVICE_FAMILY = "1,2";
				TEST_HOST = "$(BUILT_PRODUCTS_DIR)/LBOCFirstDemo.app/LBOCFirstDemo";
			};
			name = Release;
		};
		041D253A238FCE1E00F2A39D /* Debug */ = {
			isa = XCBuildConfiguration;
			baseConfigurationReference = CEE9FBD26CD5EB4CEBA80B33 /* Pods-LBOCFirstDemo-LBOCFirstDemoUITests.debug.xcconfig */;
			buildSettings = {
				CODE_SIGN_STYLE = Automatic;
				INFOPLIST_FILE = LBOCFirstDemoUITests/Info.plist;
				LD_RUNPATH_SEARCH_PATHS = (
					"$(inherited)",
					"@executable_path/Frameworks",
					"@loader_path/Frameworks",
				);
				PRODUCT_BUNDLE_IDENTIFIER = LBOC.LBOCFirstDemoUITests;
				PRODUCT_NAME = "$(TARGET_NAME)";
				TARGETED_DEVICE_FAMILY = "1,2";
				TEST_TARGET_NAME = LBOCFirstDemo;
			};
			name = Debug;
		};
		041D253B238FCE1E00F2A39D /* Release */ = {
			isa = XCBuildConfiguration;
			baseConfigurationReference = 9138EDBF19734C512970746D /* Pods-LBOCFirstDemo-LBOCFirstDemoUITests.release.xcconfig */;
			buildSettings = {
				CODE_SIGN_STYLE = Automatic;
				INFOPLIST_FILE = LBOCFirstDemoUITests/Info.plist;
				LD_RUNPATH_SEARCH_PATHS = (
					"$(inherited)",
					"@executable_path/Frameworks",
					"@loader_path/Frameworks",
				);
				PRODUCT_BUNDLE_IDENTIFIER = LBOC.LBOCFirstDemoUITests;
				PRODUCT_NAME = "$(TARGET_NAME)";
				TARGETED_DEVICE_FAMILY = "1,2";
				TEST_TARGET_NAME = LBOCFirstDemo;
			};
			name = Release;
		};
/* End XCBuildConfiguration section */

/* Begin XCConfigurationList section */
		041D24FF238FCE1C00F2A39D /* Build configuration list for PBXProject "LBOCFirstDemo" */ = {
			isa = XCConfigurationList;
			buildConfigurations = (
				041D2531238FCE1E00F2A39D /* Debug */,
				041D2532238FCE1E00F2A39D /* Release */,
			);
			defaultConfigurationIsVisible = 0;
			defaultConfigurationName = Release;
		};
		041D2533238FCE1E00F2A39D /* Build configuration list for PBXNativeTarget "LBOCFirstDemo" */ = {
			isa = XCConfigurationList;
			buildConfigurations = (
				041D2534238FCE1E00F2A39D /* Debug */,
				041D2535238FCE1E00F2A39D /* Release */,
			);
			defaultConfigurationIsVisible = 0;
			defaultConfigurationName = Release;
		};
		041D2536238FCE1E00F2A39D /* Build configuration list for PBXNativeTarget "LBOCFirstDemoTests" */ = {
			isa = XCConfigurationList;
			buildConfigurations = (
				041D2537238FCE1E00F2A39D /* Debug */,
				041D2538238FCE1E00F2A39D /* Release */,
			);
			defaultConfigurationIsVisible = 0;
			defaultConfigurationName = Release;
		};
		041D2539238FCE1E00F2A39D /* Build configuration list for PBXNativeTarget "LBOCFirstDemoUITests" */ = {
			isa = XCConfigurationList;
			buildConfigurations = (
				041D253A238FCE1E00F2A39D /* Debug */,
				041D253B238FCE1E00F2A39D /* Release */,
			);
			defaultConfigurationIsVisible = 0;
			defaultConfigurationName = Release;
		};
/* End XCConfigurationList section */
	};
	rootObject = 041D24FC238FCE1C00F2A39D /* Project object */;
}
